# This file is autogenerated, do not edit; changes may be undone by the next 'dep ensure'.


[[projects]]
  branch = "default"
  name = "bitbucket.org/ctessum/aqhealth"
  packages = ["."]
  revision = "47005cccbd6327078596174850daa61552b3f5d8"

[[projects]]
  branch = "default"
  name = "bitbucket.org/ctessum/cdf"
  packages = ["."]
  revision = "ca25c8d1d9116cd0c62596ab37fc3e80f26aee79"

[[projects]]
  branch = "default"
  name = "bitbucket.org/ctessum/sparse"
  packages = ["."]
  revision = "b9009f0cad794ee9aae14510928b9713b073b50d"

[[projects]]
  branch = "default"
  name = "bitbucket.org/zombiezen/gopdf"
  packages = ["pdf"]
  revision = "1c63dc69751bc45441c2ce1f56b631c55294b4d5"

[[projects]]
  name = "github.com/BurntSushi/toml"
  packages = ["."]
  revision = "b26d9c308763d68093482582cea63d69be07a0f0"
  version = "v0.3.0"

[[projects]]
  branch = "master"
  name = "github.com/GaryBoone/GoStats"
  packages = ["stats"]
  revision = "1993eafbef57be29ee8f5eb9d26a22f20ff3c207"

[[projects]]
  name = "github.com/Knetic/govaluate"
  packages = ["."]
  revision = "d216395917cc49052c7c7094cf57f09657ca08a8"
  version = "v3.0.0"

[[projects]]
  branch = "master"
  name = "github.com/ajstarks/svgo"
  packages = ["."]
  revision = "fec71ff44529c89ddb4211a62f3d672f31e50bc5"

[[projects]]
  name = "github.com/cpuguy83/go-md2man"
  packages = ["md2man"]
  revision = "1d903dcb749992f3741d744c0f8376b4bd7eb3e1"
  version = "v1.0.7"

[[projects]]
  branch = "master"
  name = "github.com/ctessum/aep"
  packages = ["."]
  revision = "d18865b4e31e431785455a7fce7ac806fdca5e95"

[[projects]]
  branch = "master"
  name = "github.com/ctessum/atmos"
  packages = ["acm2","advect","emep","evalstats","plumerise","seinfeld","wesely1989"]
  revision = "cba69f7ca647e4802a2fc348281d6ab269806a7a"

[[projects]]
  branch = "master"
  name = "github.com/ctessum/geom"
  packages = [".","carto","encoding/geojson","encoding/shp","index/rtree","op","proj"]
  revision = "196937fd827edfd1e02a1dd210e40615ae588242"

[[projects]]
  branch = "master"
  name = "github.com/ctessum/polyclip-go"
  packages = ["."]
  revision = "b21f39a8c20d5c40675eb4460465de71d81a64cc"

[[projects]]
  branch = "master"
  name = "github.com/ctessum/requestcache"
  packages = ["."]
  revision = "27453c71baf7105b62ec8cd9f668a5486500ccce"

[[projects]]
  branch = "master"
  name = "github.com/ctessum/unit"
  packages = [".","badunit"]
  revision = "755774ac2fcbe68f090798b4cdc47c5cd056b1f5"

[[projects]]
  branch = "master"
  name = "github.com/golang/freetype"
  packages = [".","raster","truetype"]
  revision = "e2365dfdc4a05e4b8299a783240d4a7d5a65d4e4"

[[projects]]
  branch = "master"
  name = "github.com/golang/groupcache"
  packages = ["lru"]
  revision = "b710c8433bd175204919eb38776e944233235d03"

[[projects]]
  branch = "master"
  name = "github.com/gonum/floats"
  packages = ["."]
  revision = "f74b330d45c56584a6ea7a27f5c64ea2900631e9"

[[projects]]
  branch = "master"
  name = "github.com/gonum/internal"
  packages = ["asm/f64"]
  revision = "e57e4534cf9b3b00ef6c0175f59d8d2d34f60914"

[[projects]]
  name = "github.com/inconshreveable/mousetrap"
  packages = ["."]
  revision = "76626ae9c91c4f2a10f34cad8ce83ea42c93bb75"
  version = "v1.0"

[[projects]]
  branch = "master"
  name = "github.com/jonas-p/go-shp"
  packages = ["."]
  revision = "5b9c3047ce59fcfe1a7c6e66d606a348ca04be08"

[[projects]]
  branch = "master"
  name = "github.com/kardianos/osext"
  packages = ["."]
  revision = "ae77be60afb1dcacde03767a8c37337fad28ac14"

[[projects]]
  branch = "master"
  name = "github.com/llgcode/draw2d"
  packages = [".","draw2dbase","draw2dimg"]
  revision = "dcbfbe505d35de8166ccfc47ff9e4bb020473e18"

[[projects]]
  name = "github.com/russross/blackfriday"
  packages = ["."]
  revision = "4048872b16cc0fc2c5fd9eacf0ed2c2fedaa0c8c"
  version = "v1.5"

[[projects]]
  branch = "master"
  name = "github.com/spf13/cobra"
  packages = [".","doc"]
  revision = "7b2c5ac9fc04fc5efafb60700713d4fa609b777b"

[[projects]]
  name = "github.com/spf13/pflag"
  packages = ["."]
  revision = "e57e3eeb33f795204c1ca35f56c44f83227c6e66"
  version = "v1.0.0"

[[projects]]
  branch = "master"
  name = "golang.org/x/image"
  packages = ["draw","font","math/f64","math/fixed","tiff","tiff/lzw"]
  revision = "f7e31b4ea2e3413ab91b4e7d2dc83e5f8d19a44c"

[[projects]]
  branch = "master"
  name = "golang.org/x/net"
  packages = ["context"]
  revision = "cd69bc3fc700721b709c3a59e16e24c67b58f6ff"

[[projects]]
  branch = "master"
  name = "gonum.org/v1/gonum"
  packages = ["blas","blas/blas64","blas/gonum","floats","internal/asm/c128","internal/asm/f32","internal/asm/f64","internal/math32","lapack","lapack/gonum","lapack/lapack64","mat"]
  revision = "ce73cefcda434183888c40895ea2fa306203906a"

[[projects]]
  branch = "master"
  name = "gonum.org/v1/plot"
  packages = [".","palette","plotter","plotutil","tools/bezier","vg","vg/draw","vg/fonts","vg/vgeps","vg/vgimg","vg/vgpdf","vg/vgsvg"]
  revision = "50336e281717e5f1685e3c611828dfb42c82cf66"

[[projects]]
  branch = "v2"
  name = "gopkg.in/yaml.v2"
  packages = ["."]
  revision = "eb3733d160e74a9c7e442f435eb3bea458e1d19f"

[solve-meta]
  analyzer-name = "dep"
  analyzer-version = 1
  inputs-digest = "57c1fcfc95c9408dc969c1a06db5f60907ff0f3a5d2cbc32dcc7b25492a8b97e"
  solver-name = "gps-cdcl"
  solver-version = 1
